# Generated by pub
# See https://dart.dev/tools/pub/glossary#lockfile
packages:
  fennec:
    dependency: "direct main"
    description:
      path: ".."
      relative: true
    source: path
    version: "0.0.5"
  lints:
    dependency: "direct dev"
    description:
      name: lints
      url: "https://pub.dartlang.org"
    source: hosted
    version: "1.0.1"
  mime:
    dependency: transitive
    description:
      name: mime
      url: "https://pub.dartlang.org"
    source: hosted
    version: "1.0.2"
  path:
    dependency: transitive
    description:
      name: path
      url: "https://pub.dartlang.org"
    source: hosted
    version: "1.8.2"
sdks:
  dart: ">=2.16.2 <3.0.0"
